<?xml version="1.0" encoding="utf-8"?>
<Project ToolsVersion="4.0" xmlns="http://schemas.microsoft.com/developer/msbuild/2003">
  <ItemGroup>
    <Filter Include="Source Files">
      <UniqueIdentifier>{4FC737F1-C7A5-4376-A066-2A32D752A2FF}</UniqueIdentifier>
      <Extensions>cpp;c;cc;cxx;c++;cppm;ixx;def;odl;idl;hpj;bat;asm;asmx</Extensions>
    </Filter>
    <Filter Include="Header Files">
      <UniqueIdentifier>{93995380-89BD-4b04-88EB-625FBE52EBFB}</UniqueIdentifier>
      <Extensions>h;hh;hpp;hxx;h++;hm;inl;inc;ipp;xsd</Extensions>
    </Filter>
    <Filter Include="Resource Files">
      <UniqueIdentifier>{67DA6AB6-F800-4c08-8B7A-83BB121AAD01}</UniqueIdentifier>
      <Extensions>rc;ico;cur;bmp;dlg;rc2;rct;bin;rgs;gif;jpg;jpeg;jpe;resx;tiff;tif;png;wav;mfcribbon-ms</Extensions>
    </Filter>
    <Filter Include="Header Files\game">
      <UniqueIdentifier>{4e7bb0bf-f727-444d-a7c3-69f8618f1cf8}</UniqueIdentifier>
    </Filter>
    <Filter Include="Source Files\game">
      <UniqueIdentifier>{b9a4f954-ff10-49de-b5f3-341fad709722}</UniqueIdentifier>
    </Filter>
  </ItemGroup>
  <ItemGroup>
    <ClCompile Include="src\core\main.cpp">
      <Filter>Source Files</Filter>
    </ClCompile>
    <ClCompile Include="src\core\game.cpp">
      <Filter>Source Files</Filter>
    </ClCompile>
    <ClCompile Include="src\core\entity.cpp">
      <Filter>Source Files</Filter>
    </ClCompile>
    <ClCompile Include="src\components\rectRenderer.cpp">
      <Filter>Source Files</Filter>
    </ClCompile>
    <ClCompile Include="src\systems\inputHandler.cpp">
      <Filter>Source Files</Filter>
    </ClCompile>
    <ClCompile Include="src\systems\entitySystem.cpp">
      <Filter>Source Files</Filter>
    </ClCompile>
    <ClCompile Include="src\core\subsystem.cpp">
      <Filter>Source Files</Filter>
    </ClCompile>
    <ClCompile Include="src\systems\renderSystem.cpp">
      <Filter>Source Files</Filter>
    </ClCompile>
    <ClCompile Include="src\core\serviceHandler.cpp">
      <Filter>Source Files</Filter>
    </ClCompile>
    <ClCompile Include="lib\Math\vectors.cpp">
      <Filter>Source Files</Filter>
    </ClCompile>
    <ClCompile Include="src\systems\clock.cpp">
      <Filter>Source Files</Filter>
    </ClCompile>
    <ClCompile Include="src\core\transform.cpp">
      <Filter>Source Files</Filter>
    </ClCompile>
    <ClCompile Include="src\systems\assetManager.cpp">
      <Filter>Source Files</Filter>
    </ClCompile>
    <ClCompile Include="src\core\renderable.cpp">
      <Filter>Source Files</Filter>
    </ClCompile>
    <ClCompile Include="src\components\spriteRenderer.cpp">
      <Filter>Source Files</Filter>
    </ClCompile>
    <ClCompile Include="src\core\component.cpp">
      <Filter>Source Files</Filter>
    </ClCompile>
    <ClCompile Include="src\components\rigidbody.cpp">
      <Filter>Source Files</Filter>
    </ClCompile>
    <ClCompile Include="lib\Math\collisionDetection.cpp">
      <Filter>Source Files</Filter>
    </ClCompile>
    <ClCompile Include="src\components\rectCollider.cpp">
      <Filter>Source Files</Filter>
    </ClCompile>
    <ClCompile Include="src\systems\collisionSystem.cpp">
      <Filter>Source Files</Filter>
    </ClCompile>
    <ClCompile Include="src\core\timer.cpp">
      <Filter>Source Files</Filter>
    </ClCompile>
    <ClCompile Include="lib\Math\random.cpp">
      <Filter>Source Files</Filter>
    </ClCompile>
    <ClCompile Include="src\systems\camera.cpp">
      <Filter>Source Files</Filter>
    </ClCompile>
    <ClCompile Include="src\components\game\playerMovement.cpp">
      <Filter>Source Files\game</Filter>
    </ClCompile>
    <ClCompile Include="src\components\game\playerShooting.cpp">
      <Filter>Source Files\game</Filter>
    </ClCompile>
    <ClCompile Include="src\components\game\bulletMovement.cpp">
      <Filter>Source Files\game</Filter>
    </ClCompile>
    <ClCompile Include="src\components\game\enemyScript.cpp">
      <Filter>Source Files\game</Filter>
    </ClCompile>
    <ClCompile Include="src\components\game\enemySpawner.cpp">
      <Filter>Source Files\game</Filter>
    </ClCompile>
    <ClCompile Include="src\components\game\scoreManager.cpp">
      <Filter>Source Files\game</Filter>
    </ClCompile>
  </ItemGroup>
  <ItemGroup>
    <ClInclude Include="header\core\game.h">
      <Filter>Header Files</Filter>
    </ClInclude>
    <ClInclude Include="header\core\entity.h">
      <Filter>Header Files</Filter>
    </ClInclude>
    <ClInclude Include="header\core\component.h">
      <Filter>Header Files</Filter>
    </ClInclude>
    <ClInclude Include="header\components\rectRenderer.h">
      <Filter>Header Files</Filter>
    </ClInclude>
    <ClInclude Include="header\systems\inputHandler.h">
      <Filter>Header Files</Filter>
    </ClInclude>
    <ClInclude Include="header\systems\entitySystem.h">
      <Filter>Header Files</Filter>
    </ClInclude>
    <ClInclude Include="header\core\subsystem.h">
      <Filter>Header Files</Filter>
    </ClInclude>
    <ClInclude Include="header\systems\renderSystem.h">
      <Filter>Header Files</Filter>
    </ClInclude>
    <ClInclude Include="header\core\serviceHandler.h">
      <Filter>Header Files</Filter>
    </ClInclude>
    <ClInclude Include="lib\Math\vectors.h">
      <Filter>Header Files</Filter>
    </ClInclude>
    <ClInclude Include="header\systems\clock.h">
      <Filter>Header Files</Filter>
    </ClInclude>
    <ClInclude Include="header\core\transform.h">
      <Filter>Header Files</Filter>
    </ClInclude>
    <ClInclude Include="header\core\renderable.h">
      <Filter>Header Files</Filter>
    </ClInclude>
    <ClInclude Include="header\systems\assetManager.h">
      <Filter>Header Files</Filter>
    </ClInclude>
    <ClInclude Include="header\components\spriteRenderer.h">
      <Filter>Header Files</Filter>
    </ClInclude>
    <ClInclude Include="header\core\sprite.h">
      <Filter>Header Files</Filter>
    </ClInclude>
    <ClInclude Include="header\components\rigidbody.h">
      <Filter>Header Files</Filter>
    </ClInclude>
    <ClInclude Include="lib\Math\collisionDetection.h">
      <Filter>Header Files</Filter>
    </ClInclude>
    <ClInclude Include="header\components\rectCollider.h">
      <Filter>Header Files</Filter>
    </ClInclude>
    <ClInclude Include="header\systems\collisionSystem.h">
      <Filter>Header Files</Filter>
    </ClInclude>
    <ClInclude Include="header\systems\camera.h">
      <Filter>Header Files</Filter>
    </ClInclude>
    <ClInclude Include="header\core\timer.h">
      <Filter>Header Files</Filter>
    </ClInclude>
    <ClInclude Include="lib\Math\random.h">
      <Filter>Header Files</Filter>
    </ClInclude>
    <ClInclude Include="header\components\game\playerMovement.h">
      <Filter>Header Files\game</Filter>
    </ClInclude>
    <ClInclude Include="header\components\game\playerShooting.h">
      <Filter>Header Files\game</Filter>
    </ClInclude>
    <ClInclude Include="src\components\game\bulletMovement.h">
      <Filter>Header Files\game</Filter>
    </ClInclude>
    <ClInclude Include="header\components\game\enemyScript.h">
      <Filter>Header Files\game</Filter>
    </ClInclude>
    <ClInclude Include="header\components\game\enemySpawner.h">
      <Filter>Header Files\game</Filter>
    </ClInclude>
    <ClInclude Include="header\components\game\scoreManager.h">
      <Filter>Header Files\game</Filter>
    </ClInclude>
  </ItemGroup>
</Project>